// !$*UTF8*$!
{
	archiveVersion = 1;
	classes = {
	};
	objectVersion = 77;
	objects = {

/* Begin PBXContainerItemProxy section */
		43BDEE542FEE130D00E1A9A2 /* PBXContainerItemProxy */ = {
			isa = PBXContainerItemProxy;
			containerPortal = 43BDEE3C2FEE130C00E1A9A2 /* Project object */;
			proxyType = 1;
			remoteGlobalIDString = 43BDEE432FEE130C00E1A9A2;
			remoteInfo = LatentCast;
		};
		43BDEE5E2FEE130D00E1A9A2 /* PBXContainerItemProxy */ = {
			isa = PBXContainerItemProxy;
			containerPortal = 43BDEE3C2FEE130C00E1A9A2 /* Project object */;
			proxyType = 1;
			remoteGlobalIDString = 43BDEE432FEE130C00E1A9A2;
			remoteInfo = LatentCast;
		};
/* End PBXContainerItemProxy section */

/* Begin PBXFileReference section */
		43BDEE442FEE130C00E1A9A2 /* LatentCast.app */ = {isa = PBXFileReference; explicitFileType = wrapper.application; includeInIndex = 0; path = LatentCast.app; sourceTree = BUILT_PRODUCTS_DIR; };
		43BDEE532FEE130D00E1A9A2 /* LatentCastTests.xctest */ = {isa = PBXFileReference; explicitFileType = wrapper.cfbundle; includeInIndex = 0; path = LatentCastTests.xctest; sourceTree = BUILT_PRODUCTS_DIR; };
		43BDEE5D2FEE130D00E1A9A2 /* LatentCastUITests.xctest */ = {isa = PBXFileReference; explicitFileType = wrapper.cfbundle; includeInIndex = 0; path = LatentCastUITests.xctest; sourceTree = BUILT_PRODUCTS_DIR; };
/* End PBXFileReference section */

/* Begin PBXFileSystemSynchronizedRootGroup section */
		43BDEE462FEE130C00E1A9A2 /* LatentCast */ = {
			isa = PBXFileSystemSynchronizedRootGroup;
			path = LatentCast;
			sourceTree = "<group>";
		};
		43BDEE562FEE130D00E1A9A2 /* LatentCastTests */ = {
			isa = PBXFileSystemSynchronizedRootGroup;
			path = LatentCastTests;
			sourceTree = "<group>";
		};
		43BDEE602FEE130D00E1A9A2 /* LatentCastUITests */ = {
			isa = PBXFileSystemSynchronizedRootGroup;
			path = LatentCastUITests;
			sourceTree = "<group>";
		};
/* End PBXFileSystemSynchronizedRootGroup section */

/* Begin PBXFrameworksBuildPhase section */
		43BDEE412FEE130C00E1A9A2 /* Frameworks */ = {
			isa = PBXFrameworksBuildPhase;
			buildActionMask = 2147483647;
			files = (
			);
			runOnlyForDeploymentPostprocessing = 0;
		};
		43BDEE502FEE130D00E1A9A2 /* Frameworks */ = {
			isa = PBXFrameworksBuildPhase;
			buildActionMask = 2147483647;
			files = (
			);
			runOnlyForDeploymentPostprocessing = 0;
		};
		43BDEE5A2FEE130D00E1A9A2 /* Frameworks */ = {
			isa = PBXFrameworksBuildPhase;
			buildActionMask = 2147483647;
			files = (
			);
			runOnlyForDeploymentPostprocessing = 0;
		};
/* End PBXFrameworksBuildPhase section */

/* Begin PBXGroup section */
		43BDEE3B2FEE130C00E1A9A2 = {
			isa = PBXGroup;
			children = (
				43BDEE462FEE130C00E1A9A2 /* LatentCast */,
				43BDEE562FEE130D00E1A9A2 /* LatentCastTests */,
				43BDEE602FEE130D00E1A9A2 /* LatentCastUITests */,
				43BDEE452FEE130C00E1A9A2 /* Products */,
			);
			sourceTree = "<group>";
		};
		43BDEE452FEE130C00E1A9A2 /* Products */ = {
			isa = PBXGroup;
			children = (
				43BDEE442FEE130C00E1A9A2 /* LatentCast.app */,
				43BDEE532FEE130D00E1A9A2 /* LatentCastTests.xctest */,
				43BDEE5D2FEE130D00E1A9A2 /* LatentCastUITests.xctest */,
			);
			name = Products;
			sourceTree = "<group>";
		};
/* End PBXGroup section */

/* Begin PBXNativeTarget section */
		43BDEE432FEE130C00E1A9A2 /* LatentCast */ = {
			isa = PBXNativeTarget;
			buildConfigurationList = 43BDEE672FEE130D00E1A9A2 /* Build configuration list for PBXNativeTarget "LatentCast" */;
			buildPhases = (
				43BDEE402FEE130C00E1A9A2 /* Sources */,
				43BDEE412FEE130C00E1A9A2 /* Frameworks */,
				43BDEE422FEE130C00E1A9A2 /* Resources */,
			);
			buildRules = (
			);
			dependencies = (
			);
			fileSystemSynchronizedGroups = (
				43BDEE462FEE130C00E1A9A2 /* LatentCast */,
			);
			name = LatentCast;
			packageProductDependencies = (
			);
			productName = LatentCast;
			productReference = 43BDEE442FEE130C00E1A9A2 /* LatentCast.app */;
			productType = "com.apple.product-type.application";
		};
		43BDEE522FEE130D00E1A9A2 /* LatentCastTests */ = {
			isa = PBXNativeTarget;
			buildConfigurationList = 43BDEE6A2FEE130D00E1A9A2 /* Build configuration list for PBXNativeTarget "LatentCastTests" */;
			buildPhases = (
				43BDEE4F2FEE130D00E1A9A2 /* Sources */,
				43BDEE502FEE130D00E1A9A2 /* Frameworks */,
				43BDEE512FEE130D00E1A9A2 /* Resources */,
			);
			buildRules = (
			);
			dependencies = (
				43BDEE552FEE130D00E1A9A2 /* PBXTargetDependency */,
			);
			fileSystemSynchronizedGroups = (
				43BDEE562FEE130D00E1A9A2 /* LatentCastTests */,
			);
			name = LatentCastTests;
			packageProductDependencies = (
			);
			productName = LatentCastTests;
			productReference = 43BDEE532FEE130D00E1A9A2 /* LatentCastTests.xctest */;
			productType = "com.apple.product-type.bundle.unit-test";
		};
		43BDEE5C2FEE130D00E1A9A2 /* LatentCastUITests */ = {
			isa = PBXNativeTarget;
			buildConfigurationList = 43BDEE6D2FEE130D00E1A9A2 /* Build configuration list for PBXNativeTarget "LatentCastUITests" */;
			buildPhases = (
				43BDEE592FEE130D00E1A9A2 /* Sources */,
				43BDEE5A2FEE130D00E1A9A2 /* Frameworks */,
				43BDEE5B2FEE130D00E1A9A2 /* Resources */,
			);
			buildRules = (
			);
			dependencies = (
				43BDEE5F2FEE130D00E1A9A2 /* PBXTargetDependency */,
			);
			fileSystemSynchronizedGroups = (
				43BDEE602FEE130D00E1A9A2 /* LatentCastUITests */,
			);
			name = LatentCastUITests;
			packageProductDependencies = (
			);
			productName = LatentCastUITests;
			productReference = 43BDEE5D2FEE130D00E1A9A2 /* LatentCastUITests.xctest */;
			productType = "com.apple.product-type.bundle.ui-testing";
		};
/* End PBXNativeTarget section */

/* Begin PBXProject section */
		43BDEE3C2FEE130C00E1A9A2 /* Project object */ = {
			isa = PBXProject;
			attributes = {
				BuildIndependentTargetsInParallel = 1;
				LastSwiftUpdateCheck = 2650;
				LastUpgradeCheck = 2650;
				TargetAttributes = {
					43BDEE432FEE130C00E1A9A2 = {
						CreatedOnToolsVersion = 26.5;
					};
					43BDEE522FEE130D00E1A9A2 = {
						CreatedOnToolsVersion = 26.5;
						TestTargetID = 43BDEE432FEE130C00E1A9A2;
					};
					43BDEE5C2FEE130D00E1A9A2 = {
						CreatedOnToolsVersion = 26.5;
						TestTargetID = 43BDEE432FEE130C00E1A9A2;
					};
				};
			};
			buildConfigurationList = 43BDEE3F2FEE130C00E1A9A2 /* Build configuration list for PBXProject "LatentCast" */;
			developmentRegion = en;
			hasScannedForEncodings = 0;
			knownRegions = (
				en,
				Base,
			);
			mainGroup = 43BDEE3B2FEE130C00E1A9A2;
			minimizedProjectReferenceProxies = 1;
			preferredProjectObjectVersion = 77;
			productRefGroup = 43BDEE452FEE130C00E1A9A2 /* Products */;
			projectDirPath = "";
			projectRoot = "";
			targets = (
				43BDEE432FEE130C00E1A9A2 /* LatentCast */,
				43BDEE522FEE130D00E1A9A2 /* LatentCastTests */,
				43BDEE5C2FEE130D00E1A9A2 /* LatentCastUITests */,
			);
		};
/* End PBXProject section */

/* Begin PBXResourcesBuildPhase section */
		43BDEE422FEE130C00E1A9A2 /* Resources */ = {
			isa = PBXResourcesBuildPhase;
			buildActionMask = 2147483647;
			files = (
			);
			runOnlyForDeploymentPostprocessing = 0;
		};
		43BDEE512FEE130D00E1A9A2 /* Resources */ = {
			isa = PBXResourcesBuildPhase;
			buildActionMask = 2147483647;
			files = (
			);
			runOnlyForDeploymentPostprocessing = 0;
		};
		43BDEE5B2FEE130D00E1A9A2 /* Resources */ = {
			isa = PBXResourcesBuildPhase;
			buildActionMask = 2147483647;
			files = (
			);
			runOnlyForDeploymentPostprocessing = 0;
		};
/* End PBXResourcesBuildPhase section */

/* Begin PBXSourcesBuildPhase section */
		43BDEE402FEE130C00E1A9A2 /* Sources */ = {
			isa = PBXSourcesBuildPhase;
			buildActionMask = 2147483647;
			files = (
			);
			runOnlyForDeploymentPostprocessing = 0;
		};
		43BDEE4F2FEE130D00E1A9A2 /* Sources */ = {
			isa = PBXSourcesBuildPhase;
			buildActionMask = 2147483647;
			files = (
			);
			runOnlyForDeploymentPostprocessing = 0;
		};
		43BDEE592FEE130D00E1A9A2 /* Sources */ = {
			isa = PBXSourcesBuildPhase;
			buildActionMask = 2147483647;
			files = (
			);
			runOnlyForDeploymentPostprocessing = 0;
		};
/* End PBXSourcesBuildPhase section */

/* Begin PBXTargetDependency section */
		43BDEE552FEE130D00E1A9A2 /* PBXTargetDependency */ = {
			isa = PBXTargetDependency;
			target = 43BDEE432FEE130C00E1A9A2 /* LatentCast */;
			targetProxy = 43BDEE542FEE130D00E1A9A2 /* PBXContainerItemProxy */;
		};
		43BDEE5F2FEE130D00E1A9A2 /* PBXTargetDependency */ = {
			isa = PBXTargetDependency;
			target = 43BDEE432FEE130C00E1A9A2 /* LatentCast */;
			targetProxy = 43BDEE5E2FEE130D00E1A9A2 /* PBXContainerItemProxy */;
		};
/* End PBXTargetDependency section */

/* Begin XCBuildConfiguration section */
		43BDEE652FEE130D00E1A9A2 /* Debug */ = {
			isa = XCBuildConfiguration;
			buildSettings = {
				ALWAYS_SEARCH_USER_PATHS = NO;
				ASSETCATALOG_COMPILER_GENERATE_SWIFT_ASSET_SYMBOL_EXTENSIONS = YES;
				CLANG_ANALYZER_NONNULL = YES;
				CLANG_ANALYZER_NUMBER_OBJECT_CONVERSION = YES_AGGRESSIVE;
				CLANG_CXX_LANGUAGE_STANDARD = "gnu++20";
				CLANG_ENABLE_MODULES = YES;
				CLANG_ENABLE_OBJC_ARC = YES;
				CLANG_ENABLE_OBJC_WEAK = YES;
				CLANG_WARN_BLOCK_CAPTURE_AUTORELEASING = YES;
				CLANG_WARN_BOOL_CONVERSION = YES;
				CLANG_WARN_COMMA = YES;
				CLANG_WARN_CONSTANT_CONVERSION = YES;
				CLANG_WARN_DEPRECATED_OBJC_IMPLEMENTATIONS = YES;
				CLANG_WARN_DIRECT_OBJC_ISA_USAGE = YES_ERROR;
				CLANG_WARN_DOCUMENTATION_COMMENTS = YES;
				CLANG_WARN_EMPTY_BODY = YES;
				CLANG_WARN_ENUM_CONVERSION = YES;
				CLANG_WARN_INFINITE_RECURSION = YES;
				CLANG_WARN_INT_CONVERSION = YES;
				CLANG_WARN_NON_LITERAL_NULL_CONVERSION = YES;
				CLANG_WARN_OBJC_IMPLICIT_RETAIN_SELF = YES;
				CLANG_WARN_OBJC_LITERAL_CONVERSION = YES;
				CLANG_WARN_OBJC_ROOT_CLASS = YES_ERROR;
				CLANG_WARN_QUOTED_INCLUDE_IN_FRAMEWORK_HEADER = YES;
				CLANG_WARN_RANGE_LOOP_ANALYSIS = YES;
				CLANG_WARN_STRICT_PROTOTYPES = YES;
				CLANG_WARN_SUSPICIOUS_MOVE = YES;
				CLANG_WARN_UNGUARDED_AVAILABILITY = YES_AGGRESSIVE;
				CLANG_WARN_UNREACHABLE_CODE = YES;
				CLANG_WARN__DUPLICATE_METHOD_MATCH = YES;
				COPY_PHASE_STRIP = NO;
				DEBUG_INFORMATION_FORMAT = dwarf;
				DEVELOPMENT_TEAM = T8X28F7X65;
				ENABLE_STRICT_OBJC_MSGSEND = YES;
				ENABLE_TESTABILITY = YES;
				ENABLE_USER_SCRIPT_SANDBOXING = YES;
				GCC_C_LANGUAGE_STANDARD = gnu17;
				GCC_DYNAMIC_NO_PIC = NO;
				GCC_NO_COMMON_BLOCKS = YES;
				GCC_OPTIMIZATION_LEVEL = 0;
				GCC_PREPROCESSOR_DEFINITIONS = (
					"DEBUG=1",
					"$(inherited)",
				);
				GCC_WARN_64_TO_32_BIT_CONVERSION = YES;
				GCC_WARN_ABOUT_RETURN_TYPE = YES_ERROR;
				GCC_WARN_UNDECLARED_SELECTOR = YES;
				GCC_WARN_UNINITIALIZED_AUTOS = YES_AGGRESSIVE;
				GCC_WARN_UNUSED_FUNCTION = YES;
				GCC_WARN_UNUSED_VARIABLE = YES;
				LOCALIZATION_PREFERS_STRING_CATALOGS = YES;
				MACOSX_DEPLOYMENT_TARGET = 26.5;
				MTL_ENABLE_DEBUG_INFO = INCLUDE_SOURCE;
				MTL_FAST_MATH = YES;
				ONLY_ACTIVE_ARCH = YES;
				SDKROOT = macosx;
				SWIFT_ACTIVE_COMPILATION_CONDITIONS = "DEBUG $(inherited)";
				SWIFT_OPTIMIZATION_LEVEL = "-Onone";
			};
			name = Debug;
		};
		43BDEE662FEE130D00E1A9A2 /* Release */ = {
			isa = XCBuildConfiguration;
			buildSettings = {
				ALWAYS_SEARCH_USER_PATHS = NO;
				ASSETCATALOG_COMPILER_GENERATE_SWIFT_ASSET_SYMBOL_EXTENSIONS = YES;
				CLANG_ANALYZER_NONNULL = YES;
				CLANG_ANALYZER_NUMBER_OBJECT_CONVERSION = YES_AGGRESSIVE;
				CLANG_CXX_LANGUAGE_STANDARD = "gnu++20";
				CLANG_ENABLE_MODULES = YES;
				CLANG_ENABLE_OBJC_ARC = YES;
				CLANG_ENABLE_OBJC_WEAK = YES;
				CLANG_WARN_BLOCK_CAPTURE_AUTORELEASING = YES;
				CLANG_WARN_BOOL_CONVERSION = YES;
				CLANG_WARN_COMMA = YES;
				CLANG_WARN_CONSTANT_CONVERSION = YES;
				CLANG_WARN_DEPRECATED_OBJC_IMPLEMENTATIONS = YES;
				CLANG_WARN_DIRECT_OBJC_ISA_USAGE = YES_ERROR;
				CLANG_WARN_DOCUMENTATION_COMMENTS = YES;
				CLANG_WARN_EMPTY_BODY = YES;
				CLANG_WARN_ENUM_CONVERSION = YES;
				CLANG_WARN_INFINITE_RECURSION = YES;
				CLANG_WARN_INT_CONVERSION = YES;
				CLANG_WARN_NON_LITERAL_NULL_CONVERSION = YES;
				CLANG_WARN_OBJC_IMPLICIT_RETAIN_SELF = YES;
				CLANG_WARN_OBJC_LITERAL_CONVERSION = YES;
				CLANG_WARN_OBJC_ROOT_CLASS = YES_ERROR;
				CLANG_WARN_QUOTED_INCLUDE_IN_FRAMEWORK_HEADER = YES;
				CLANG_WARN_RANGE_LOOP_ANALYSIS = YES;
				CLANG_WARN_STRICT_PROTOTYPES = YES;
				CLANG_WARN_SUSPICIOUS_MOVE = YES;
				CLANG_WARN_UNGUARDED_AVAILABILITY = YES_AGGRESSIVE;
				CLANG_WARN_UNREACHABLE_CODE = YES;
				CLANG_WARN__DUPLICATE_METHOD_MATCH = YES;
				COPY_PHASE_STRIP = NO;
				DEBUG_INFORMATION_FORMAT = "dwarf-with-dsym";
				DEVELOPMENT_TEAM = T8X28F7X65;
				ENABLE_NS_ASSERTIONS = NO;
				ENABLE_STRICT_OBJC_MSGSEND = YES;
				ENABLE_USER_SCRIPT_SANDBOXING = YES;
				GCC_C_LANGUAGE_STANDARD = gnu17;
				GCC_NO_COMMON_BLOCKS = YES;
				GCC_WARN_64_TO_32_BIT_CONVERSION = YES;
				GCC_WARN_ABOUT_RETURN_TYPE = YES_ERROR;
				GCC_WARN_UNDECLARED_SELECTOR = YES;
				GCC_WARN_UNINITIALIZED_AUTOS = YES_AGGRESSIVE;
				GCC_WARN_UNUSED_FUNCTION = YES;
				GCC_WARN_UNUSED_VARIABLE = YES;
				LOCALIZATION_PREFERS_STRING_CATALOGS = YES;
				MACOSX_DEPLOYMENT_TARGET = 26.5;
				MTL_ENABLE_DEBUG_INFO = NO;
				MTL_FAST_MATH = YES;
				SDKROOT = macosx;
				SWIFT_COMPILATION_MODE = wholemodule;
			};
			name = Release;
		};
		43BDEE682FEE130D00E1A9A2 /* Debug */ = {
			isa = XCBuildConfiguration;
			buildSettings = {
				ASSETCATALOG_COMPILER_APPICON_NAME = AppIcon;
				ASSETCATALOG_COMPILER_GLOBAL_ACCENT_COLOR_NAME = AccentColor;
				CODE_SIGN_STYLE = Automatic;
				COMBINE_HIDPI_IMAGES = YES;
				CURRENT_PROJECT_VERSION = 1;
				DEVELOPMENT_TEAM = T8X28F7X65;
				ENABLE_APP_SANDBOX = NO;
				ENABLE_HARDENED_RUNTIME = YES;
				ENABLE_PREVIEWS = YES;
				ENABLE_USER_SELECTED_FILES = readonly;
				GENERATE_INFOPLIST_FILE = YES;
				INFOPLIST_KEY_NSCameraUsageDescription = "LatentCast needs access to the camera for active speaker detection and visual tracking.";
				INFOPLIST_KEY_NSHumanReadableCopyright = "";
				INFOPLIST_KEY_NSMicrophoneUsageDescription = "LatentCast needs access to the microphone for audio speech detection and transcription.";
				LD_RUNPATH_SEARCH_PATHS = (
					"$(inherited)",
					"@executable_path/../Frameworks",
				);
				MARKETING_VERSION = 1.0;
				PRODUCT_BUNDLE_IDENTIFIER = hayyaoe.LatentCast;
				PRODUCT_NAME = "$(TARGET_NAME)";
				REGISTER_APP_GROUPS = YES;
				STRING_CATALOG_GENERATE_SYMBOLS = YES;
				SWIFT_APPROACHABLE_CONCURRENCY = YES;
				SWIFT_EMIT_LOC_STRINGS = YES;
				SWIFT_UPCOMING_FEATURE_MEMBER_IMPORT_VISIBILITY = YES;
				SWIFT_VERSION = 5.0;
			};
			name = Debug;
		};
		43BDEE692FEE130D00E1A9A2 /* Release */ = {
			isa = XCBuildConfiguration;
			buildSettings = {
				ASSETCATALOG_COMPILER_APPICON_NAME = AppIcon;
				ASSETCATALOG_COMPILER_GLOBAL_ACCENT_COLOR_NAME = AccentColor;
				CODE_SIGN_STYLE = Automatic;
				COMBINE_HIDPI_IMAGES = YES;
				CURRENT_PROJECT_VERSION = 1;
				DEVELOPMENT_TEAM = T8X28F7X65;
				ENABLE_APP_SANDBOX = NO;
				ENABLE_HARDENED_RUNTIME = YES;
				ENABLE_PREVIEWS = YES;
				ENABLE_USER_SELECTED_FILES = readonly;
				GENERATE_INFOPLIST_FILE = YES;
				INFOPLIST_KEY_NSCameraUsageDescription = "LatentCast needs access to the camera for active speaker detection and visual tracking.";
				INFOPLIST_KEY_NSHumanReadableCopyright = "";
				INFOPLIST_KEY_NSMicrophoneUsageDescription = "LatentCast needs access to the microphone for audio speech detection and transcription.";
				LD_RUNPATH_SEARCH_PATHS = (
					"$(inherited)",
					"@executable_path/../Frameworks",
				);
				MARKETING_VERSION = 1.0;
				PRODUCT_BUNDLE_IDENTIFIER = hayyaoe.LatentCast;
				PRODUCT_NAME = "$(TARGET_NAME)";
				REGISTER_APP_GROUPS = YES;
				STRING_CATALOG_GENERATE_SYMBOLS = YES;
				SWIFT_APPROACHABLE_CONCURRENCY = YES;
				SWIFT_EMIT_LOC_STRINGS = YES;
				SWIFT_UPCOMING_FEATURE_MEMBER_IMPORT_VISIBILITY = YES;
				SWIFT_VERSION = 5.0;
			};
			name = Release;
		};
		43BDEE6B2FEE130D00E1A9A2 /* Debug */ = {
			isa = XCBuildConfiguration;
			buildSettings = {
				BUNDLE_LOADER = "$(TEST_HOST)";
				CODE_SIGN_STYLE = Automatic;
				CURRENT_PROJECT_VERSION = 1;
				DEVELOPMENT_TEAM = T8X28F7X65;
				GENERATE_INFOPLIST_FILE = YES;
				MACOSX_DEPLOYMENT_TARGET = 26.5;
				MARKETING_VERSION = 1.0;
				PRODUCT_BUNDLE_IDENTIFIER = hayyaoe.LatentCastTests;
				PRODUCT_NAME = "$(TARGET_NAME)";
				STRING_CATALOG_GENERATE_SYMBOLS = NO;
				SWIFT_APPROACHABLE_CONCURRENCY = YES;
				SWIFT_EMIT_LOC_STRINGS = NO;
				SWIFT_UPCOMING_FEATURE_MEMBER_IMPORT_VISIBILITY = YES;
				SWIFT_VERSION = 5.0;
				TEST_HOST = "$(BUILT_PRODUCTS_DIR)/LatentCast.app/$(BUNDLE_EXECUTABLE_FOLDER_PATH)/LatentCast";
			};
			name = Debug;
		};
		43BDEE6C2FEE130D00E1A9A2 /* Release */ = {
			isa = XCBuildConfiguration;
			buildSettings = {
				BUNDLE_LOADER = "$(TEST_HOST)";
				CODE_SIGN_STYLE = Automatic;
				CURRENT_PROJECT_VERSION = 1;
				DEVELOPMENT_TEAM = T8X28F7X65;
				GENERATE_INFOPLIST_FILE = YES;
				MACOSX_DEPLOYMENT_TARGET = 26.5;
				MARKETING_VERSION = 1.0;
				PRODUCT_BUNDLE_IDENTIFIER = hayyaoe.LatentCastTests;
				PRODUCT_NAME = "$(TARGET_NAME)";
				STRING_CATALOG_GENERATE_SYMBOLS = NO;
				SWIFT_APPROACHABLE_CONCURRENCY = YES;
				SWIFT_EMIT_LOC_STRINGS = NO;
				SWIFT_UPCOMING_FEATURE_MEMBER_IMPORT_VISIBILITY = YES;
				SWIFT_VERSION = 5.0;
				TEST_HOST = "$(BUILT_PRODUCTS_DIR)/LatentCast.app/$(BUNDLE_EXECUTABLE_FOLDER_PATH)/LatentCast";
			};
			name = Release;
		};
		43BDEE6E2FEE130D00E1A9A2 /* Debug */ = {
			isa = XCBuildConfiguration;
			buildSettings = {
				CODE_SIGN_STYLE = Automatic;
				CURRENT_PROJECT_VERSION = 1;
				DEVELOPMENT_TEAM = T8X28F7X65;
				GENERATE_INFOPLIST_FILE = YES;
				MARKETING_VERSION = 1.0;
				PRODUCT_BUNDLE_IDENTIFIER = hayyaoe.LatentCastUITests;
				PRODUCT_NAME = "$(TARGET_NAME)";
				STRING_CATALOG_GENERATE_SYMBOLS = NO;
				SWIFT_APPROACHABLE_CONCURRENCY = YES;
				SWIFT_EMIT_LOC_STRINGS = NO;
				SWIFT_UPCOMING_FEATURE_MEMBER_IMPORT_VISIBILITY = YES;
				SWIFT_VERSION = 5.0;
				TEST_TARGET_NAME = LatentCast;
			};
			name = Debug;
		};
		43BDEE6F2FEE130D00E1A9A2 /* Release */ = {
			isa = XCBuildConfiguration;
			buildSettings = {
				CODE_SIGN_STYLE = Automatic;
				CURRENT_PROJECT_VERSION = 1;
				DEVELOPMENT_TEAM = T8X28F7X65;
				GENERATE_INFOPLIST_FILE = YES;
				MARKETING_VERSION = 1.0;
				PRODUCT_BUNDLE_IDENTIFIER = hayyaoe.LatentCastUITests;
				PRODUCT_NAME = "$(TARGET_NAME)";
				STRING_CATALOG_GENERATE_SYMBOLS = NO;
				SWIFT_APPROACHABLE_CONCURRENCY = YES;
				SWIFT_EMIT_LOC_STRINGS = NO;
				SWIFT_UPCOMING_FEATURE_MEMBER_IMPORT_VISIBILITY = YES;
				SWIFT_VERSION = 5.0;
				TEST_TARGET_NAME = LatentCast;
			};
			name = Release;
		};
/* End XCBuildConfiguration section */

/* Begin XCConfigurationList section */
		43BDEE3F2FEE130C00E1A9A2 /* Build configuration list for PBXProject "LatentCast" */ = {
			isa = XCConfigurationList;
			buildConfigurations = (
				43BDEE652FEE130D00E1A9A2 /* Debug */,
				43BDEE662FEE130D00E1A9A2 /* Release */,
			);
			defaultConfigurationIsVisible = 0;
			defaultConfigurationName = Release;
		};
		43BDEE672FEE130D00E1A9A2 /* Build configuration list for PBXNativeTarget "LatentCast" */ = {
			isa = XCConfigurationList;
			buildConfigurations = (
				43BDEE682FEE130D00E1A9A2 /* Debug */,
				43BDEE692FEE130D00E1A9A2 /* Release */,
			);
			defaultConfigurationIsVisible = 0;
			defaultConfigurationName = Release;
		};
		43BDEE6A2FEE130D00E1A9A2 /* Build configuration list for PBXNativeTarget "LatentCastTests" */ = {
			isa = XCConfigurationList;
			buildConfigurations = (
				43BDEE6B2FEE130D00E1A9A2 /* Debug */,
				43BDEE6C2FEE130D00E1A9A2 /* Release */,
			);
			defaultConfigurationIsVisible = 0;
			defaultConfigurationName = Release;
		};
		43BDEE6D2FEE130D00E1A9A2 /* Build configuration list for PBXNativeTarget "LatentCastUITests" */ = {
			isa = XCConfigurationList;
			buildConfigurations = (
				43BDEE6E2FEE130D00E1A9A2 /* Debug */,
				43BDEE6F2FEE130D00E1A9A2 /* Release */,
			);
			defaultConfigurationIsVisible = 0;
			defaultConfigurationName = Release;
		};
/* End XCConfigurationList section */
	};
	rootObject = 43BDEE3C2FEE130C00E1A9A2 /* Project object */;
}
